{
  "name": "formiojs-downloader",
  "version": "0.0.1",
  "lockfileVersion": 1,
  "requires": true,
  "dependencies": {
    "@babel/runtime": {
      "version": "7.24.7",
      "resolved": "https://registry.npmjs.org/@babel/runtime/-/runtime-7.24.7.tgz",
      "integrity": "sha512-UwgBRMjJP+xv857DCngvqXI3Iq6J4v0wXmwc6sapg+zyhbwmQX67LUEFrkK5tbyJ30jGuG3ZvWpBiB9LCy1kWw==",
      "requires": {
        "regenerator-runtime": "^0.14.0"
      }
    },
    "@formio/bootstrap3": {
      "version": "2.12.4-rc.1",
      "resolved": "https://registry.npmjs.org/@formio/bootstrap3/-/bootstrap3-2.12.4-rc.1.tgz",
      "integrity": "sha512-4B5rs+w9tAk5i+wbdw2/NrTxPqnDX7/W19tiTd9lfXnIGQmaj0ecMEVqDmOJg8pIlyU02g3c4ih6JnA/JVmUbA==",
      "requires": {
        "resize-observer-polyfill": "^1.5.1"
      }
    },
    "@formio/choices.js": {
      "version": "10.2.1",
      "resolved": "https://registry.npmjs.org/@formio/choices.js/-/choices.js-10.2.1.tgz",
      "integrity": "sha512-NCE5u7jG3XGokJP16MyAbVSUptKu/mpJYAxd4PPIoLiO/l9Do5uoOQ0MgNb9qG9qABJiOX+qNRE8q8RybY/SwQ==",
      "requires": {
        "deepmerge": "^4.2.2",
        "fuse.js": "^6.6.2",
        "redux": "^4.2.0"
      }
    },
    "@formio/semantic": {
      "version": "2.6.1",
      "resolved": "https://registry.npmjs.org/@formio/semantic/-/semantic-2.6.1.tgz",
      "integrity": "sha512-obp1BT5UnzD+uYBbqmnsTfO2hGxI2A2iR/cj3P5JUFLYSBpnr3TS2ShQ7Ee5GCRRtJPu0JnljuJj+YSKLCMuhg=="
    },
    "@formio/text-mask-addons": {
      "version": "3.8.0-formio.2",
      "resolved": "https://registry.npmjs.org/@formio/text-mask-addons/-/text-mask-addons-3.8.0-formio.2.tgz",
      "integrity": "sha512-H4Sm+1Sx59jbrlKxtKbzethhp5OIcP8Oi4JBpsvH/SB8P/KCRmtjKbN5ACqURnXmYtBHLJC6Yr9KZibOVRGxpA=="
    },
    "@formio/vanilla-text-mask": {
      "version": "5.1.1-formio.1",
      "resolved": "https://registry.npmjs.org/@formio/vanilla-text-mask/-/vanilla-text-mask-5.1.1-formio.1.tgz",
      "integrity": "sha512-rYBlvIPMNUd6sAaduOaiIwI4vfTAjHDRonko2qJn2RP1O//TQ7rcFIPYVYePJZ4OtOpwHiHAvAIh79McphZotQ=="
    },
    "@popperjs/core": {
      "version": "2.11.8",
      "resolved": "https://registry.npmjs.org/@popperjs/core/-/core-2.11.8.tgz",
      "integrity": "sha512-P1st0aksCrn9sGZhp8GMYwBnQsbvAWsZAX44oXNNvLHGqAOcoVxmjZiohstwQ7SqKnbR47akdNi+uleWD8+g6A=="
    },
    "@sphinxxxx/color-conversion": {
      "version": "2.2.2",
      "resolved": "https://registry.npmjs.org/@sphinxxxx/color-conversion/-/color-conversion-2.2.2.tgz",
      "integrity": "sha512-XExJS3cLqgrmNBIP3bBw6+1oQ1ksGjFh0+oClDKFYpCCqx/hlqwWO5KO/S63fzUo67SxI9dMrF0y5T/Ey7h8Zw=="
    },
    "abortcontroller-polyfill": {
      "version": "1.7.5",
      "resolved": "https://registry.npmjs.org/abortcontroller-polyfill/-/abortcontroller-polyfill-1.7.5.tgz",
      "integrity": "sha512-JMJ5soJWP18htbbxJjG7bG6yuI6pRhgJ0scHHTfkUjf6wjP912xZWvM+A4sJK3gqd9E8fcPbDnOefbA9Th/FIQ=="
    },
    "animation-frame-polyfill": {
      "version": "1.0.2",
      "resolved": "https://registry.npmjs.org/animation-frame-polyfill/-/animation-frame-polyfill-1.0.2.tgz",
      "integrity": "sha512-PvO5poSMoHhaoNNgHPo+oqs/0L9UqjsUbqv0iOXVqLh6HX85fsOVQTUrzSBvjdZz7hydARlgLELyzJJKIrPJAQ=="
    },
    "array-from": {
      "version": "2.1.1",
      "resolved": "https://registry.npmjs.org/array-from/-/array-from-2.1.1.tgz",
      "integrity": "sha512-GQTc6Uupx1FCavi5mPzBvVT7nEOeWMmUA9P95wpfpW1XwMSKs+KaymD5C2Up7KAUKg/mYwbsUYzdZWcoajlNZg=="
    },
    "atoa": {
      "version": "1.0.0",
      "resolved": "https://registry.npmjs.org/atoa/-/atoa-1.0.0.tgz",
      "integrity": "sha512-VVE1H6cc4ai+ZXo/CRWoJiHXrA1qfA31DPnx6D20+kSI547hQN5Greh51LQ1baMRMfxO5K5M4ImMtZbZt2DODQ=="
    },
    "autocompleter": {
      "version": "7.1.0",
      "resolved": "https://registry.npmjs.org/autocompleter/-/autocompleter-7.1.0.tgz",
      "integrity": "sha512-uCToOnq7eAD/GJAteDbYuQ7ksDtrYWOy5CIAq43wh0dT+5frMpPlyD9tp+y5fz8KIcsP+zR2MjzoTAdW5aJESw=="
    },
    "browser-cookies": {
      "version": "1.2.0",
      "resolved": "https://registry.npmjs.org/browser-cookies/-/browser-cookies-1.2.0.tgz",
      "integrity": "sha512-cg2WuoOJo+F+g2XjEaP8nmeRp1vDHjt7sqpKJMsTNXKrpyIBNVslYJeehvs6FEddj8usV2+qyRSBEX244yN5/g=="
    },
    "browser-md5-file": {
      "version": "1.1.1",
      "resolved": "https://registry.npmjs.org/browser-md5-file/-/browser-md5-file-1.1.1.tgz",
      "integrity": "sha512-9h2UViTtZPhBa7oHvp5mb7MvJaX5OKEPUsplDwJ800OIV+In7BOR3RXOMB78obn2iQVIiS3WkVLhG7Zu1EMwbw==",
      "requires": {
        "spark-md5": "^2.0.2"
      }
    },
    "compare-versions": {
      "version": "5.0.3",
      "resolved": "https://registry.npmjs.org/compare-versions/-/compare-versions-5.0.3.tgz",
      "integrity": "sha512-4UZlZP8Z99MGEY+Ovg/uJxJuvoXuN4M6B3hKaiackiHrgzQFEe3diJi1mf1PNHbFujM7FvLrK2bpgIaImbtZ1A=="
    },
    "contra": {
      "version": "1.9.4",
      "resolved": "https://registry.npmjs.org/contra/-/contra-1.9.4.tgz",
      "integrity": "sha512-N9ArHAqwR/lhPq4OdIAwH4e1btn6EIZMAz4TazjnzCiVECcWUPTma+dRAM38ERImEJBh8NiCCpjoQruSZ+agYg==",
      "requires": {
        "atoa": "1.0.0",
        "ticky": "1.0.1"
      }
    },
    "core-js": {
      "version": "3.37.1",
      "resolved": "https://registry.npmjs.org/core-js/-/core-js-3.37.1.tgz",
      "integrity": "sha512-Xn6qmxrQZyB0FFY8E3bgRXei3lWDJHhvI+u0q9TKIYM49G8pAr0FgnnrFRAmsbptZL1yxRADVXn+x5AGsbBfyw=="
    },
    "create-point-cb": {
      "version": "1.2.0",
      "resolved": "https://registry.npmjs.org/create-point-cb/-/create-point-cb-1.2.0.tgz",
      "integrity": "sha512-r4l6IO/YGI7hIZRMLggOzwM6XO80+Fdcv4hx1fXCEdU+hKd7zZki6i+cbYfK9OliMwMYx1wPfQLU/snvS+Dygw==",
      "requires": {
        "type-func": "^1.0.1"
      }
    },
    "crossvent": {
      "version": "1.5.5",
      "resolved": "https://registry.npmjs.org/crossvent/-/crossvent-1.5.5.tgz",
      "integrity": "sha512-MY4xhBYEnVi+pmTpHCOCsCLYczc0PVtGdPBz6NXNXxikLaUZo4HdAeUb1UqAo3t3yXAloSelTmfxJ+/oUqkW5w==",
      "requires": {
        "custom-event": "^1.0.0"
      }
    },
    "custom-event": {
      "version": "1.0.1",
      "resolved": "https://registry.npmjs.org/custom-event/-/custom-event-1.0.1.tgz",
      "integrity": "sha512-GAj5FOq0Hd+RsCGVJxZuKaIDXDf3h6GQoNEjFgbLLI/trgtavwUbSnZ5pVfg27DVCaWjIohryS0JFwIJyT2cMg=="
    },
    "custom-event-polyfill": {
      "version": "1.0.7",
      "resolved": "https://registry.npmjs.org/custom-event-polyfill/-/custom-event-polyfill-1.0.7.tgz",
      "integrity": "sha512-TDDkd5DkaZxZFM8p+1I3yAlvM3rSr1wbrOliG4yJiwinMZN8z/iGL7BTlDkrJcYTmgUSb4ywVCc3ZaUtOtC76w=="
    },
    "deepmerge": {
      "version": "4.3.1",
      "resolved": "https://registry.npmjs.org/deepmerge/-/deepmerge-4.3.1.tgz",
      "integrity": "sha512-3sUqbMEc77XqpdNO7FRyRog+eW3ph+GYCbj+rK+uYyRMuwsVy0rMiVtPn+QJlKFvWP/1PYpapqYn0Me2knFn+A=="
    },
    "dialog-polyfill": {
      "version": "0.5.6",
      "resolved": "https://registry.npmjs.org/dialog-polyfill/-/dialog-polyfill-0.5.6.tgz",
      "integrity": "sha512-ZbVDJI9uvxPAKze6z146rmfUZjBqNEwcnFTVamQzXH+svluiV7swmVIGr7miwADgfgt1G2JQIytypM9fbyhX4w=="
    },
    "dom-autoscroller": {
      "version": "2.3.4",
      "resolved": "https://registry.npmjs.org/dom-autoscroller/-/dom-autoscroller-2.3.4.tgz",
      "integrity": "sha512-HcAdt/2Dq9x4CG6LWXc2x9Iq0MJPAu8fuzHncclq7byufqYEYVtx9sZ/dyzR+gdj4qwEC9p27Lw1G2HRRYX6jQ==",
      "requires": {
        "animation-frame-polyfill": "^1.0.0",
        "create-point-cb": "^1.0.0",
        "dom-mousemove-dispatcher": "^1.0.1",
        "dom-plane": "^1.0.1",
        "dom-set": "^1.0.1",
        "type-func": "^1.0.1"
      }
    },
    "dom-mousemove-dispatcher": {
      "version": "1.0.1",
      "resolved": "https://registry.npmjs.org/dom-mousemove-dispatcher/-/dom-mousemove-dispatcher-1.0.1.tgz",
      "integrity": "sha512-NMdqqMbgW8kqOdmod2hkS+9hD/v7h4XoSvwU9qqe+wAA/O+ba0jhpbfW0Kb/fCyR0RX9jf4dwfQrl04LQX4FzQ=="
    },
    "dom-plane": {
      "version": "1.0.2",
      "resolved": "https://registry.npmjs.org/dom-plane/-/dom-plane-1.0.2.tgz",
      "integrity": "sha512-/tR67G6ZGSciXoZLsD706yLxEXvX3mG/OWE8YNYj3A1yU/RAimtPXzklVTu5Y5xoeMoloA/Y+MaNjQm9apgAww==",
      "requires": {
        "create-point-cb": "^1.0.0"
      }
    },
    "dom-set": {
      "version": "1.1.1",
      "resolved": "https://registry.npmjs.org/dom-set/-/dom-set-1.1.1.tgz",
      "integrity": "sha512-sUi2aSvRsK3Ixx++gwX9cnaWk9ZxGVFry8+HnTRVmDimybU5PaiI4wX0o00mVtjFKlQNZLmtGoPTLorYbN0+Rw==",
      "requires": {
        "array-from": "^2.1.1",
        "is-array": "^1.0.1",
        "iselement": "^1.1.4"
      }
    },
    "dompurify": {
      "version": "3.1.5",
      "resolved": "https://registry.npmjs.org/dompurify/-/dompurify-3.1.5.tgz",
      "integrity": "sha512-lwG+n5h8QNpxtyrJW/gJWckL+1/DQiYMX8f7t8Z2AZTPw1esVrqjI63i7Zc2Gz0aKzLVMYC1V1PL/ky+aY/NgA=="
    },
    "downloadjs": {
      "version": "1.4.7",
      "resolved": "https://registry.npmjs.org/downloadjs/-/downloadjs-1.4.7.tgz",
      "integrity": "sha512-LN1gO7+u9xjU5oEScGFKvXhYf7Y/empUIIEAGBs1LzUq/rg5duiDrkuH5A2lQGd5jfMOb9X9usDa2oVXwJ0U/Q=="
    },
    "dragula": {
      "version": "3.7.3",
      "resolved": "https://registry.npmjs.org/dragula/-/dragula-3.7.3.tgz",
      "integrity": "sha512-/rRg4zRhcpf81TyDhaHLtXt6sEywdfpv1cRUMeFFy7DuypH2U0WUL0GTdyAQvXegviT4PJK4KuMmOaIDpICseQ==",
      "requires": {
        "contra": "1.9.4",
        "crossvent": "1.5.5"
      }
    },
    "eventemitter3": {
      "version": "4.0.7",
      "resolved": "https://registry.npmjs.org/eventemitter3/-/eventemitter3-4.0.7.tgz",
      "integrity": "sha512-8guHBZCwKnFhYdHr2ysuRWErTwhoN2X8XELRlrRwpmfeY2jjuUN4taQMsULKUVo1K4DvZl+0pgfyoysHxvmvEw=="
    },
    "fast-deep-equal": {
      "version": "3.1.3",
      "resolved": "https://registry.npmjs.org/fast-deep-equal/-/fast-deep-equal-3.1.3.tgz",
      "integrity": "sha512-f3qQ9oQy9j2AhBe/H9VC91wLmKBCCU/gDOnKNAYG5hswO7BLKj09Hc5HYNz9cGI++xlpDCIgDaitVs03ATR84Q=="
    },
    "fast-diff": {
      "version": "1.3.0",
      "resolved": "https://registry.npmjs.org/fast-diff/-/fast-diff-1.3.0.tgz",
      "integrity": "sha512-VxPP4NqbUjj6MaAOafWeUn2cXWLcCtljklUtZf0Ind4XQ+QPtmA0b18zZy0jIQx+ExRVCR/ZQpBmik5lXshNsw=="
    },
    "fast-json-patch": {
      "version": "3.1.1",
      "resolved": "https://registry.npmjs.org/fast-json-patch/-/fast-json-patch-3.1.1.tgz",
      "integrity": "sha512-vf6IHUX2SBcA+5/+4883dsIjpBTqmfBjmYiWK1savxQmFk4JfBMLa7ynTYOs1Rolp/T1betJxHiGD3g1Mn8lUQ=="
    },
    "fetch-ponyfill": {
      "version": "7.1.0",
      "resolved": "https://registry.npmjs.org/fetch-ponyfill/-/fetch-ponyfill-7.1.0.tgz",
      "integrity": "sha512-FhbbL55dj/qdVO3YNK7ZEkshvj3eQ7EuIGV2I6ic/2YiocvyWv+7jg2s4AyS0wdRU75s3tA8ZxI/xPigb0v5Aw==",
      "requires": {
        "node-fetch": "~2.6.1"
      }
    },
    "formiojs": {
      "version": "4.19.4",
      "resolved": "https://registry.npmjs.org/formiojs/-/formiojs-4.19.4.tgz",
      "integrity": "sha512-bVWAqyJ4gb8lGXHLi/XKJGu4Sn0IPBM3IporBtMcOBEUVtNKn3/PLB2lGKbzh5rF2QeEX1Uwb81oeakzDdSUTA==",
      "requires": {
        "@formio/bootstrap3": "2.12.4-rc.1",
        "@formio/choices.js": "10.2.1",
        "@formio/semantic": "2.6.1",
        "@formio/text-mask-addons": "^3.8.0-formio.2",
        "@formio/vanilla-text-mask": "^5.1.1-formio.1",
        "abortcontroller-polyfill": "^1.7.5",
        "autocompleter": "^7.0.1",
        "browser-cookies": "^1.2.0",
        "browser-md5-file": "^1.1.1",
        "compare-versions": "^5.0.1",
        "core-js": "^3.26.1",
        "custom-event-polyfill": "^1.0.7",
        "dialog-polyfill": "^0.5.6",
        "dom-autoscroller": "^2.3.4",
        "dompurify": "^3.0.5",
        "downloadjs": "^1.4.7",
        "dragula": "^3.7.3",
        "eventemitter3": "^4.0.7",
        "fast-deep-equal": "^3.1.3",
        "fast-json-patch": "^3.1.1",
        "fetch-ponyfill": "^7.1.0",
        "i18next": "22.4.12",
        "idb": "^7.1.1",
        "ismobilejs": "^1.1.1",
        "json-logic-js": "^2.0.2",
        "jstimezonedetect": "^1.0.7",
        "jwt-decode": "^3.1.2",
        "lodash": "^4.17.21",
        "moment": "^2.29.4",
        "moment-timezone": "^0.5.40",
        "native-promise-only": "^0.8.1",
        "quill": "^2.0.0-dev.3",
        "signature_pad": "^4.1.4",
        "string-hash": "^1.1.3",
        "tippy.js": "^6.3.7",
        "uuid": "^9.0.0",
        "vanilla-picker": "^2.12.1"
      }
    },
    "fuse.js": {
      "version": "6.6.2",
      "resolved": "https://registry.npmjs.org/fuse.js/-/fuse.js-6.6.2.tgz",
      "integrity": "sha512-cJaJkxCCxC8qIIcPBF9yGxY0W/tVZS3uEISDxhYIdtk8OL93pe+6Zj7LjCqVV4dzbqcriOZ+kQ/NE4RXZHsIGA=="
    },
    "i18next": {
      "version": "22.4.12",
      "resolved": "https://registry.npmjs.org/i18next/-/i18next-22.4.12.tgz",
      "integrity": "sha512-2lE+vRXxQ3lGLub1CVbwgO0IfkLHmUSDVOAVdPh22CsxttMXi+35n2qgxh2wZIkKl6t/NMzPfgFPRDiFQOmiCg==",
      "requires": {
        "@babel/runtime": "^7.20.6"
      }
    },
    "idb": {
      "version": "7.1.1",
      "resolved": "https://registry.npmjs.org/idb/-/idb-7.1.1.tgz",
      "integrity": "sha512-gchesWBzyvGHRO9W8tzUWFDycow5gwjvFKfyV9FF32Y7F50yZMp7mP+T2mJIWFx49zicqyC4uefHM17o6xKIVQ=="
    },
    "is-array": {
      "version": "1.0.1",
      "resolved": "https://registry.npmjs.org/is-array/-/is-array-1.0.1.tgz",
      "integrity": "sha512-gxiZ+y/u67AzpeFmAmo4CbtME/bs7J2C++su5zQzvQyaxUqVzkh69DI+jN+KZuSO6JaH6TIIU6M6LhqxMjxEpw=="
    },
    "iselement": {
      "version": "1.1.4",
      "resolved": "https://registry.npmjs.org/iselement/-/iselement-1.1.4.tgz",
      "integrity": "sha512-4Q519eWmbHO1pbimiz7H1iJRUHVmAmfh0viSsUD+oAwVO4ntZt7gpf8i8AShVBTyOvRTZNYNBpUxOIvwZR+ffw=="
    },
    "ismobilejs": {
      "version": "1.1.1",
      "resolved": "https://registry.npmjs.org/ismobilejs/-/ismobilejs-1.1.1.tgz",
      "integrity": "sha512-VaFW53yt8QO61k2WJui0dHf4SlL8lxBofUuUmwBo0ljPk0Drz2TiuDW4jo3wDcv41qy/SxrJ+VAzJ/qYqsmzRw=="
    },
    "json-logic-js": {
      "version": "2.0.2",
      "resolved": "https://registry.npmjs.org/json-logic-js/-/json-logic-js-2.0.2.tgz",
      "integrity": "sha512-ZBtBdMJieqQcH7IX/LaBsr5pX+Y5JIW+EhejtM3Ffg2jdN9Iwf+Ht6TbHnvAZ/YtwyuhPaCBlnvzrwVeWdvGDQ=="
    },
    "jstimezonedetect": {
      "version": "1.0.7",
      "resolved": "https://registry.npmjs.org/jstimezonedetect/-/jstimezonedetect-1.0.7.tgz",
      "integrity": "sha512-ARADHortktl9IZ1tr4GHwGPIAzgz3mLNCbR/YjWtRtc/O0o634O3NeFlpLjv95EvuDA5dc8z6yfgbS8nUc4zcQ=="
    },
    "jwt-decode": {
      "version": "3.1.2",
      "resolved": "https://registry.npmjs.org/jwt-decode/-/jwt-decode-3.1.2.tgz",
      "integrity": "sha512-UfpWE/VZn0iP50d8cz9NrZLM9lSWhcJ+0Gt/nm4by88UL+J1SiKN8/5dkjMmbEzwL2CAe+67GsegCbIKtbp75A=="
    },
    "lodash": {
      "version": "4.17.21",
      "resolved": "https://registry.npmjs.org/lodash/-/lodash-4.17.21.tgz",
      "integrity": "sha512-v2kDEe57lecTulaDIuNTPy3Ry4gLGJ6Z1O3vE1krgXZNrsQ+LFTGHVxVjcXPs17LhbZVGedAJv8XZ1tvj5FvSg=="
    },
    "lodash-es": {
      "version": "4.17.21",
      "resolved": "https://registry.npmjs.org/lodash-es/-/lodash-es-4.17.21.tgz",
      "integrity": "sha512-mKnC+QJ9pWVzv+C4/U3rRsHapFfHvQFoFB92e52xeyGMcX6/OlIl78je1u8vePzYZSkkogMPJ2yjxxsb89cxyw=="
    },
    "lodash.clonedeep": {
      "version": "4.5.0",
      "resolved": "https://registry.npmjs.org/lodash.clonedeep/-/lodash.clonedeep-4.5.0.tgz",
      "integrity": "sha512-H5ZhCF25riFd9uB5UCkVKo61m3S/xZk1x4wA6yp/L3RFP6Z/eHH1ymQcGLo7J3GMPfm0V/7m1tryHuGVxpqEBQ=="
    },
    "lodash.isequal": {
      "version": "4.5.0",
      "resolved": "https://registry.npmjs.org/lodash.isequal/-/lodash.isequal-4.5.0.tgz",
      "integrity": "sha512-pDo3lu8Jhfjqls6GkMgpahsF9kCyayhgykjyLMNFTKWrpVdAQtYyB4muAMWozBB4ig/dtWAmsMxLEI8wuz+DYQ=="
    },
    "moment": {
      "version": "2.30.1",
      "resolved": "https://registry.npmjs.org/moment/-/moment-2.30.1.tgz",
      "integrity": "sha512-uEmtNhbDOrWPFS+hdjFCBfy9f2YoyzRpwcl+DqpC6taX21FzsTLQVbMV/W7PzNSX6x/bhC1zA3c2UQ5NzH6how=="
    },
    "moment-timezone": {
      "version": "0.5.45",
      "resolved": "https://registry.npmjs.org/moment-timezone/-/moment-timezone-0.5.45.tgz",
      "integrity": "sha512-HIWmqA86KcmCAhnMAN0wuDOARV/525R2+lOLotuGFzn4HO+FH+/645z2wx0Dt3iDv6/p61SIvKnDstISainhLQ==",
      "requires": {
        "moment": "^2.29.4"
      }
    },
    "native-promise-only": {
      "version": "0.8.1",
      "resolved": "https://registry.npmjs.org/native-promise-only/-/native-promise-only-0.8.1.tgz",
      "integrity": "sha512-zkVhZUA3y8mbz652WrL5x0fB0ehrBkulWT3TomAQ9iDtyXZvzKeEA6GPxAItBYeNYl5yngKRX612qHOhvMkDeg=="
    },
    "node-fetch": {
      "version": "2.6.13",
      "resolved": "https://registry.npmjs.org/node-fetch/-/node-fetch-2.6.13.tgz",
      "integrity": "sha512-StxNAxh15zr77QvvkmveSQ8uCQ4+v5FkvNTj0OESmiHu+VRi/gXArXtkWMElOsOUNLtUEvI4yS+rdtOHZTwlQA==",
      "requires": {
        "whatwg-url": "^5.0.0"
      }
    },
    "parchment": {
      "version": "3.0.0",
      "resolved": "https://registry.npmjs.org/parchment/-/parchment-3.0.0.tgz",
      "integrity": "sha512-HUrJFQ/StvgmXRcQ1ftY6VEZUq3jA2t9ncFN4F84J/vN0/FPpQF+8FKXb3l6fLces6q0uOHj6NJn+2xvZnxO6A=="
    },
    "quill": {
      "version": "2.0.2",
      "resolved": "https://registry.npmjs.org/quill/-/quill-2.0.2.tgz",
      "integrity": "sha512-QfazNrhMakEdRG57IoYFwffUIr04LWJxbS/ZkidRFXYCQt63c1gK6Z7IHUXMx/Vh25WgPBU42oBaNzQ0K1R/xw==",
      "requires": {
        "eventemitter3": "^5.0.1",
        "lodash-es": "^4.17.21",
        "parchment": "^3.0.0",
        "quill-delta": "^5.1.0"
      },
      "dependencies": {
        "eventemitter3": {
          "version": "5.0.1",
          "resolved": "https://registry.npmjs.org/eventemitter3/-/eventemitter3-5.0.1.tgz",
          "integrity": "sha512-GWkBvjiSZK87ELrYOSESUYeVIc9mvLLf/nXalMOS5dYrgZq9o5OVkbZAVM06CVxYsCwH9BDZFPlQTlPA1j4ahA=="
        }
      }
    },
    "quill-delta": {
      "version": "5.1.0",
      "resolved": "https://registry.npmjs.org/quill-delta/-/quill-delta-5.1.0.tgz",
      "integrity": "sha512-X74oCeRI4/p0ucjb5Ma8adTXd9Scumz367kkMK5V/IatcX6A0vlgLgKbzXWy5nZmCGeNJm2oQX0d2Eqj+ZIlCA==",
      "requires": {
        "fast-diff": "^1.3.0",
        "lodash.clonedeep": "^4.5.0",
        "lodash.isequal": "^4.5.0"
      }
    },
    "redux": {
      "version": "4.2.1",
      "resolved": "https://registry.npmjs.org/redux/-/redux-4.2.1.tgz",
      "integrity": "sha512-LAUYz4lc+Do8/g7aeRa8JkyDErK6ekstQaqWQrNRW//MY1TvCEpMtpTWvlQ+FPbWCx+Xixu/6SHt5N0HR+SB4w==",
      "requires": {
        "@babel/runtime": "^7.9.2"
      }
    },
    "regenerator-runtime": {
      "version": "0.14.1",
      "resolved": "https://registry.npmjs.org/regenerator-runtime/-/regenerator-runtime-0.14.1.tgz",
      "integrity": "sha512-dYnhHh0nJoMfnkZs6GmmhFknAGRrLznOu5nc9ML+EJxGvrx6H7teuevqVqCuPcPK//3eDrrjQhehXVx9cnkGdw=="
    },
    "resize-observer-polyfill": {
      "version": "1.5.1",
      "resolved": "https://registry.npmjs.org/resize-observer-polyfill/-/resize-observer-polyfill-1.5.1.tgz",
      "integrity": "sha512-LwZrotdHOo12nQuZlHEmtuXdqGoOD0OhaxopaNFxWzInpEgaLWoVuAMbTzixuosCx2nEG58ngzW3vxdWoxIgdg=="
    },
    "signature_pad": {
      "version": "4.2.0",
      "resolved": "https://registry.npmjs.org/signature_pad/-/signature_pad-4.2.0.tgz",
      "integrity": "sha512-YLWysmaUBaC5wosAKkgbX7XI+LBv2w5L0QUcI6Jc4moHYzv9BUBJtAyNLpWzHjtjKTeWOH6bfP4a4pzf0UinfQ=="
    },
    "spark-md5": {
      "version": "2.0.2",
      "resolved": "https://registry.npmjs.org/spark-md5/-/spark-md5-2.0.2.tgz",
      "integrity": "sha512-9WfT+FYBEvlrOOBEs484/zmbtSX4BlGjzXih1qIEWA1yhHbcqgcMHkiwXoWk2Sq1aJjLpcs6ZKV7JxrDNjIlNg=="
    },
    "string-hash": {
      "version": "1.1.3",
      "resolved": "https://registry.npmjs.org/string-hash/-/string-hash-1.1.3.tgz",
      "integrity": "sha512-kJUvRUFK49aub+a7T1nNE66EJbZBMnBgoC1UbCZ5n6bsZKBRga4KgBRTMn/pFkeCZSYtNeSyMxPDM0AXWELk2A=="
    },
    "ticky": {
      "version": "1.0.1",
      "resolved": "https://registry.npmjs.org/ticky/-/ticky-1.0.1.tgz",
      "integrity": "sha512-RX35iq/D+lrsqhcPWIazM9ELkjOe30MSeoBHQHSsRwd1YuhJO5ui1K1/R0r7N3mFvbLBs33idw+eR6j+w6i/DA=="
    },
    "tippy.js": {
      "version": "6.3.7",
      "resolved": "https://registry.npmjs.org/tippy.js/-/tippy.js-6.3.7.tgz",
      "integrity": "sha512-E1d3oP2emgJ9dRQZdf3Kkn0qJgI6ZLpyS5z6ZkY1DF3kaQaBsGZsndEpHwx+eC+tYM41HaSNvNtLx8tU57FzTQ==",
      "requires": {
        "@popperjs/core": "^2.9.0"
      }
    },
    "tr46": {
      "version": "0.0.3",
      "resolved": "https://registry.npmjs.org/tr46/-/tr46-0.0.3.tgz",
      "integrity": "sha512-N3WMsuqV66lT30CrXNbEjx4GEwlow3v6rr4mCcv6prnfwhS01rkgyFdjPNBYd9br7LpXV1+Emh01fHnq2Gdgrw=="
    },
    "type-func": {
      "version": "1.0.3",
      "resolved": "https://registry.npmjs.org/type-func/-/type-func-1.0.3.tgz",
      "integrity": "sha512-YA90CUk+i00tWESPNRMahywXhAz+12NLJLKlOWrgHIbqaFXjdZrWstRghaibOW/IxhPjui4SmXxO/03XSGRIjA=="
    },
    "uuid": {
      "version": "9.0.1",
      "resolved": "https://registry.npmjs.org/uuid/-/uuid-9.0.1.tgz",
      "integrity": "sha512-b+1eJOlsR9K8HJpow9Ok3fiWOWSIcIzXodvv0rQjVoOVNpWMpxf1wZNpt4y9h10odCNrqnYp1OBzRktckBe3sA=="
    },
    "vanilla-picker": {
      "version": "2.12.3",
      "resolved": "https://registry.npmjs.org/vanilla-picker/-/vanilla-picker-2.12.3.tgz",
      "integrity": "sha512-qVkT1E7yMbUsB2mmJNFmaXMWE2hF8ffqzMMwe9zdAikd8u2VfnsVY2HQcOUi2F38bgbxzlJBEdS1UUhOXdF9GQ==",
      "requires": {
        "@sphinxxxx/color-conversion": "^2.2.2"
      }
    },
    "webidl-conversions": {
      "version": "3.0.1",
      "resolved": "https://registry.npmjs.org/webidl-conversions/-/webidl-conversions-3.0.1.tgz",
      "integrity": "sha512-2JAn3z8AR6rjK8Sm8orRC0h/bcl/DqL7tRPdGZ4I1CjdF+EaMLmYxBHyXuKL849eucPFhvBoxMsflfOb8kxaeQ=="
    },
    "whatwg-url": {
      "version": "5.0.0",
      "resolved": "https://registry.npmjs.org/whatwg-url/-/whatwg-url-5.0.0.tgz",
      "integrity": "sha512-saE57nupxk6v3HY35+jzBwYa0rKSy0XR8JSxZPwgLr7ys0IBzhGviA1/TUGJLmSVqs8pb9AnvICXEuOHLprYTw==",
      "requires": {
        "tr46": "~0.0.3",
        "webidl-conversions": "^3.0.0"
      }
    }
  }
}
